# This file was autogenerated by Stack.
# You should not edit this file by hand.
# For more information, please see the documentation at:
#   https://docs.haskellstack.org/en/stable/lock_files

packages:
- completed:
    hackage: matrix-0.3.6.1@sha256:96ab17d9a959cd5c0e9e6db5bc48069dba5f6fa17f7f4aea838d22f35e7bc047,1941
    pantry-tree:
      sha256: f04e95e139e7463809a1e30204f339a9b7938cf0aa54c74f68ac788aad3e316d
      size: 417
  original:
    hackage: matrix-0.3.6.1
- completed:
    hackage: TernaryTrees-0.2.0.2@sha256:45c18fdcf93bb162da28f88852976ac8f3c1fba1a4ba623e05032b048bfd2659,2353
    pantry-tree:
      sha256: f011df17fa41ef9d8659ce56c425444631b83ca6b21c756d96df1610a48d3782
      size: 741
  original:
    hackage: TernaryTrees-0.2.0.2
- completed:
    hackage: charset-0.3.9@sha256:6f785e4444f07accd1a45a30a412cb1dce36f5b31a243345cbb9c3cf51ff4a94,1659
    pantry-tree:
      sha256: 30ff308927e557c525f7ae4be75a17ed079b16c2297feb2597efbf20f2e041a8
      size: 893
  original:
    hackage: charset-0.3.9
- completed:
    hackage: unordered-containers-0.2.19.1@sha256:db11042bb0356c0adea277d0794743829125b4c99455af6af2bd5f7bd5e88a39,3797
    pantry-tree:
      sha256: ac7a077274515b8afdf98138177b2fd2293c8bb346c5ec5caf2c5999da495112
      size: 1517
  original:
    hackage: unordered-containers-0.2.19.1
snapshots:
- completed:
    sha256: b73b2b116143aea728c70e65c3239188998bac5bc3be56465813dacd74215dc5
    size: 648424
    url: https://raw.githubusercontent.com/commercialhaskell/stackage-snapshots/master/lts/20/1.yaml
  original:
    url: https://raw.githubusercontent.com/commercialhaskell/stackage-snapshots/master/lts/20/1.yaml
